
Microsoft Visual Studio Solution File, Format Version 12.00
# Visual Studio Version 17
VisualStudioVersion = 17.9.34902.65
MinimumVisualStudioVersion = 10.0.40219.1
Project("{FAE04EC0-301F-11D3-BF4B-00C04F79EFBC}") = "Booking", "Booking\Booking.csproj", "{29166FD9-0C47-4648-A2FD-62086D666A45}"
EndProject
Global
	GlobalSection(SolutionConfigurationPlatforms) = preSolution
		Debug|Any CPU = Debug|Any CPU
		Release|Any CPU = Release|Any CPU
	EndGlobalSection
	GlobalSection(ProjectConfigurationPlatforms) = postSolution
		{29166FD9-0C47-4648-A2FD-62086D666A45}.Debug|Any CPU.ActiveCfg = Debug|Any CPU
		{29166FD9-0C47-4648-A2FD-62086D666A45}.Debug|Any CPU.Build.0 = Debug|Any CPU
		{29166FD9-0C47-4648-A2FD-62086D666A45}.Release|Any CPU.ActiveCfg = Release|Any CPU
		{29166FD9-0C47-4648-A2FD-62086D666A45}.Release|Any CPU.Build.0 = Release|Any CPU
	EndGlobalSection
	GlobalSection(SolutionProperties) = preSolution
		HideSolutionNode = FALSE
	EndGlobalSection
	GlobalSection(ExtensibilityGlobals) = postSolution
		SolutionGuid = {7C17027E-5535-44F1-A593-70B263B520D9}
	EndGlobalSection
EndGlobal
